
Microsoft Visual Studio Solution File, Format Version 12.00
# Visual Studio Version 17
VisualStudioVersion = 17.3.32929.385
MinimumVisualStudioVersion = 10.0.40219.1
Project("{FAE04EC0-301F-11D3-BF4B-00C04F79EFBC}") = "chenphanntuvaomang", "chenphanntuvaomang.csproj", "{B1C8BA4F-49B7-4BB6-B4E3-9433C2FA8BF1}"
EndProject
Global
	GlobalSection(SolutionConfigurationPlatforms) = preSolution
		Debug|Any CPU = Debug|Any CPU
		Release|Any CPU = Release|Any CPU
	EndGlobalSection
	GlobalSection(ProjectConfigurationPlatforms) = postSolution
		{B1C8BA4F-49B7-4BB6-B4E3-9433C2FA8BF1}.Debug|Any CPU.ActiveCfg = Debug|Any CPU
		{B1C8BA4F-49B7-4BB6-B4E3-9433C2FA8BF1}.Debug|Any CPU.Build.0 = Debug|Any CPU
		{B1C8BA4F-49B7-4BB6-B4E3-9433C2FA8BF1}.Release|Any CPU.ActiveCfg = Release|Any CPU
		{B1C8BA4F-49B7-4BB6-B4E3-9433C2FA8BF1}.Release|Any CPU.Build.0 = Release|Any CPU
	EndGlobalSection
	GlobalSection(SolutionProperties) = preSolution
		HideSolutionNode = FALSE
	EndGlobalSection
	GlobalSection(ExtensibilityGlobals) = postSolution
		SolutionGuid = {1AA15E51-B3DE-4B1C-8D5C-4E22B8BE8C66}
	EndGlobalSection
EndGlobal
